
Microsoft Visual Studio Solution File, Format Version 12.00
# Visual Studio Version 17
VisualStudioVersion = 17.0.31903.59
MinimumVisualStudioVersion = 10.0.40219.1
Project("{FAE04EC0-301F-11D3-BF4B-00C04F79EFBC}") = "ListaZakupów", "ListaZakupów.csproj", "{60080087-39AF-4BE2-AE2D-A72F504F7265}"
EndProject
Global
	GlobalSection(SolutionConfigurationPlatforms) = preSolution
		Debug|Any CPU = Debug|Any CPU
		Release|Any CPU = Release|Any CPU
	EndGlobalSection
	GlobalSection(ProjectConfigurationPlatforms) = postSolution
		{60080087-39AF-4BE2-AE2D-A72F504F7265}.Debug|Any CPU.ActiveCfg = Debug|Any CPU
		{60080087-39AF-4BE2-AE2D-A72F504F7265}.Debug|Any CPU.Build.0 = Debug|Any CPU
		{60080087-39AF-4BE2-AE2D-A72F504F7265}.Release|Any CPU.ActiveCfg = Release|Any CPU
		{60080087-39AF-4BE2-AE2D-A72F504F7265}.Release|Any CPU.Build.0 = Release|Any CPU
	EndGlobalSection
	GlobalSection(SolutionProperties) = preSolution
		HideSolutionNode = FALSE
	EndGlobalSection
	GlobalSection(ExtensibilityGlobals) = postSolution
		SolutionGuid = {99180792-35D1-407B-9496-394E9878D7F3}
	EndGlobalSection
EndGlobal
